
Microsoft Visual Studio Solution File, Format Version 12.00
# Visual Studio 14
VisualStudioVersion = 14.0.23107.0
MinimumVisualStudioVersion = 10.0.40219.1
Project("{FAE04EC0-301F-11D3-BF4B-00C04F79EFBC}") = "o365ApiTester", "o365ApiTester\o365ApiTester.csproj", "{5E325193-A3B7-4287-9B12-59EBB3D8A50B}"
EndProject
Project("{FAE04EC0-301F-11D3-BF4B-00C04F79EFBC}") = "o365.FileHandler.OneDriveApi.Helper", "o365.FileHandler.OneDriveApi.Helper\o365.FileHandler.OneDriveApi.Helper.csproj", "{272F62CE-CE1C-41E6-998D-BDA8C6488FCF}"
EndProject
Global
	GlobalSection(SolutionConfigurationPlatforms) = preSolution
		Debug|Any CPU = Debug|Any CPU
		Release|Any CPU = Release|Any CPU
	EndGlobalSection
	GlobalSection(ProjectConfigurationPlatforms) = postSolution
		{5E325193-A3B7-4287-9B12-59EBB3D8A50B}.Debug|Any CPU.ActiveCfg = Debug|Any CPU
		{5E325193-A3B7-4287-9B12-59EBB3D8A50B}.Debug|Any CPU.Build.0 = Debug|Any CPU
		{5E325193-A3B7-4287-9B12-59EBB3D8A50B}.Release|Any CPU.ActiveCfg = Release|Any CPU
		{5E325193-A3B7-4287-9B12-59EBB3D8A50B}.Release|Any CPU.Build.0 = Release|Any CPU
		{272F62CE-CE1C-41E6-998D-BDA8C6488FCF}.Debug|Any CPU.ActiveCfg = Debug|Any CPU
		{272F62CE-CE1C-41E6-998D-BDA8C6488FCF}.Debug|Any CPU.Build.0 = Debug|Any CPU
		{272F62CE-CE1C-41E6-998D-BDA8C6488FCF}.Release|Any CPU.ActiveCfg = Release|Any CPU
		{272F62CE-CE1C-41E6-998D-BDA8C6488FCF}.Release|Any CPU.Build.0 = Release|Any CPU
	EndGlobalSection
	GlobalSection(SolutionProperties) = preSolution
		HideSolutionNode = FALSE
	EndGlobalSection
EndGlobal
