
Microsoft Visual Studio Solution File, Format Version 12.00
# Visual Studio 14
VisualStudioVersion = 14.0.24720.0
MinimumVisualStudioVersion = 10.0.40219.1
Project("{FAE04EC0-301F-11D3-BF4B-00C04F79EFBC}") = "GrpahAndOneDriveTester", "GrpahAndOneDriveTester.csproj", "{947BFD5F-32D9-426E-B8EF-1D61EAAB0D1F}"
EndProject
Project("{FAE04EC0-301F-11D3-BF4B-00C04F79EFBC}") = "o365ApiTester", "o365ApiTester\o365ApiTester.csproj", "{5E325193-A3B7-4287-9B12-59EBB3D8A50B}"
EndProject
Global
	GlobalSection(SolutionConfigurationPlatforms) = preSolution
		Debug|Any CPU = Debug|Any CPU
		Release|Any CPU = Release|Any CPU
	EndGlobalSection
	GlobalSection(ProjectConfigurationPlatforms) = postSolution
		{947BFD5F-32D9-426E-B8EF-1D61EAAB0D1F}.Debug|Any CPU.ActiveCfg = Debug|Any CPU
		{947BFD5F-32D9-426E-B8EF-1D61EAAB0D1F}.Debug|Any CPU.Build.0 = Debug|Any CPU
		{947BFD5F-32D9-426E-B8EF-1D61EAAB0D1F}.Release|Any CPU.ActiveCfg = Release|Any CPU
		{947BFD5F-32D9-426E-B8EF-1D61EAAB0D1F}.Release|Any CPU.Build.0 = Release|Any CPU
		{5E325193-A3B7-4287-9B12-59EBB3D8A50B}.Debug|Any CPU.ActiveCfg = Debug|Any CPU
		{5E325193-A3B7-4287-9B12-59EBB3D8A50B}.Debug|Any CPU.Build.0 = Debug|Any CPU
		{5E325193-A3B7-4287-9B12-59EBB3D8A50B}.Release|Any CPU.ActiveCfg = Release|Any CPU
		{5E325193-A3B7-4287-9B12-59EBB3D8A50B}.Release|Any CPU.Build.0 = Release|Any CPU
	EndGlobalSection
	GlobalSection(SolutionProperties) = preSolution
		HideSolutionNode = FALSE
	EndGlobalSection
EndGlobal
